# This file is automatically @generated by Poetry 2.1.2 and should not be changed by hand.

[[package]]
name = "json-repair"
version = "0.41.1"
description = "A package to repair broken json strings"
optional = false
python-versions = ">=3.9"
groups = ["main"]
files = [
    {file = "json_repair-0.41.1-py3-none-any.whl", hash = "sha256:0e181fd43a696887881fe19fed23422a54b3e4c558b6ff27a86a8c3ddde9ae79"},
    {file = "json_repair-0.41.1.tar.gz", hash = "sha256:bba404b0888c84a6b86ecc02ec43b71b673cfee463baf6da94e079c55b136565"},
]

[metadata]
lock-version = "2.1"
python-versions = ">=3.10"
content-hash = "8a3a0cf628fd5a2ae3f4a4f63752d52f9e160a9ec4919f9c06605c1ab6048503"
